
Microsoft Visual Studio Solution File, Format Version 12.00
# Visual Studio Version 16
VisualStudioVersion = 25.0.1706.7
MinimumVisualStudioVersion = 10.0.40219.1
Project("{FAE04EC0-301F-11D3-BF4B-00C04F79EFBC}") = "TODOApp", "TODOApp.csproj", "{013A7DEF-E472-4340-B857-403718FF0161}"
EndProject
Global
	GlobalSection(SolutionConfigurationPlatforms) = preSolution
		Debug|Any CPU = Debug|Any CPU
		Release|Any CPU = Release|Any CPU
	EndGlobalSection
	GlobalSection(ProjectConfigurationPlatforms) = postSolution
		{013A7DEF-E472-4340-B857-403718FF0161}.Debug|Any CPU.ActiveCfg = Debug|Any CPU
		{013A7DEF-E472-4340-B857-403718FF0161}.Debug|Any CPU.Build.0 = Debug|Any CPU
		{013A7DEF-E472-4340-B857-403718FF0161}.Release|Any CPU.ActiveCfg = Release|Any CPU
		{013A7DEF-E472-4340-B857-403718FF0161}.Release|Any CPU.Build.0 = Release|Any CPU
	EndGlobalSection
	GlobalSection(SolutionProperties) = preSolution
		HideSolutionNode = FALSE
	EndGlobalSection
	GlobalSection(ExtensibilityGlobals) = postSolution
		SolutionGuid = {696976FB-7EC6-4E2F-BCC1-7C5484011BB5}
	EndGlobalSection
EndGlobal
